
Microsoft Visual Studio Solution File, Format Version 10.00
# Visual C# Express 2008
Project("{FAE04EC0-301F-11D3-BF4B-00C04F79EFBC}") = "USBSharp", "USBSharp\USBSharp.csproj", "{856DFF55-974C-4EA8-BC7F-F06E0A357C9F}"
EndProject
Global
	GlobalSection(SolutionConfigurationPlatforms) = preSolution
		Debug|Any CPU = Debug|Any CPU
		Release|Any CPU = Release|Any CPU
	EndGlobalSection
	GlobalSection(ProjectConfigurationPlatforms) = postSolution
		{856DFF55-974C-4EA8-BC7F-F06E0A357C9F}.Debug|Any CPU.ActiveCfg = Debug|Any CPU
		{856DFF55-974C-4EA8-BC7F-F06E0A357C9F}.Debug|Any CPU.Build.0 = Debug|Any CPU
		{856DFF55-974C-4EA8-BC7F-F06E0A357C9F}.Release|Any CPU.ActiveCfg = Release|Any CPU
		{856DFF55-974C-4EA8-BC7F-F06E0A357C9F}.Release|Any CPU.Build.0 = Release|Any CPU
	EndGlobalSection
	GlobalSection(SolutionProperties) = preSolution
		HideSolutionNode = FALSE
	EndGlobalSection
EndGlobal
